
Microsoft Visual Studio Solution File, Format Version 12.00
# Visual Studio Version 17
VisualStudioVersion = 17.10.34707.107
MinimumVisualStudioVersion = 10.0.40219.1
Project("{9A19103F-16F7-4668-BE54-9A1E7A4F7556}") = "AspNetCoreIdentity_Fahad", "AspNetCoreIdentity_Fahad\AspNetCoreIdentity_Fahad.csproj", "{BA202492-5934-4860-8050-44C209CE67AA}"
EndProject
Global
	GlobalSection(SolutionConfigurationPlatforms) = preSolution
		Debug|Any CPU = Debug|Any CPU
		Release|Any CPU = Release|Any CPU
	EndGlobalSection
	GlobalSection(ProjectConfigurationPlatforms) = postSolution
		{BA202492-5934-4860-8050-44C209CE67AA}.Debug|Any CPU.ActiveCfg = Debug|Any CPU
		{BA202492-5934-4860-8050-44C209CE67AA}.Debug|Any CPU.Build.0 = Debug|Any CPU
		{BA202492-5934-4860-8050-44C209CE67AA}.Release|Any CPU.ActiveCfg = Release|Any CPU
		{BA202492-5934-4860-8050-44C209CE67AA}.Release|Any CPU.Build.0 = Release|Any CPU
	EndGlobalSection
	GlobalSection(SolutionProperties) = preSolution
		HideSolutionNode = FALSE
	EndGlobalSection
	GlobalSection(ExtensibilityGlobals) = postSolution
		SolutionGuid = {F235DD3A-5E23-405D-99A0-325EEBBC0E62}
	EndGlobalSection
EndGlobal
